
Microsoft Visual Studio Solution File, Format Version 12.00
# Visual Studio Version 16
VisualStudioVersion = 16.0.809.7
MinimumVisualStudioVersion = 10.0.40219.1
Project("{FAE04EC0-301F-11D3-BF4B-00C04F79EFBC}") = "GetMachineNameAssestNameLatestSeries", "SoftwareDesignAndArchitectureProblem\GetMachineNameAssestNameLatestSeries.csproj", "{945CAD43-B9CB-4EC0-ABA0-82C4B7348213}"
EndProject
Project("{FAE04EC0-301F-11D3-BF4B-00C04F79EFBC}") = "GetMachineNameAssestNameLatestSeries.Tests", "SoftwareDesignAndArchitectureProblem.Tests\GetMachineNameAssestNameLatestSeries.Tests.csproj", "{E1F632A1-6137-483F-8255-E964DC8FBE1C}"
EndProject
Global
	GlobalSection(SolutionConfigurationPlatforms) = preSolution
		Debug|Any CPU = Debug|Any CPU
		Release|Any CPU = Release|Any CPU
	EndGlobalSection
	GlobalSection(ProjectConfigurationPlatforms) = postSolution
		{945CAD43-B9CB-4EC0-ABA0-82C4B7348213}.Debug|Any CPU.ActiveCfg = Debug|Any CPU
		{945CAD43-B9CB-4EC0-ABA0-82C4B7348213}.Debug|Any CPU.Build.0 = Debug|Any CPU
		{945CAD43-B9CB-4EC0-ABA0-82C4B7348213}.Release|Any CPU.ActiveCfg = Release|Any CPU
		{945CAD43-B9CB-4EC0-ABA0-82C4B7348213}.Release|Any CPU.Build.0 = Release|Any CPU
		{E1F632A1-6137-483F-8255-E964DC8FBE1C}.Debug|Any CPU.ActiveCfg = Debug|Any CPU
		{E1F632A1-6137-483F-8255-E964DC8FBE1C}.Debug|Any CPU.Build.0 = Debug|Any CPU
		{E1F632A1-6137-483F-8255-E964DC8FBE1C}.Release|Any CPU.ActiveCfg = Release|Any CPU
		{E1F632A1-6137-483F-8255-E964DC8FBE1C}.Release|Any CPU.Build.0 = Release|Any CPU
	EndGlobalSection
	GlobalSection(SolutionProperties) = preSolution
		HideSolutionNode = FALSE
	EndGlobalSection
	GlobalSection(ExtensibilityGlobals) = postSolution
		SolutionGuid = {E0FE1528-1953-440D-B35E-6EB35F2E4B4F}
	EndGlobalSection
EndGlobal
